<?xml version="1.0" encoding="UTF-8"?>
<!DOCTYPE plist PUBLIC "-//Apple//DTD PLIST 1.0//EN" "http://www.apple.com/DTDs/PropertyList-1.0.dtd">
<plist version="1.0">
<dict>
	<key>archiveVersion</key>
	<string>1</string>
	<key>classes</key>
	<dict/>
	<key>objectVersion</key>
	<string>46</string>
	<key>objects</key>
	<dict>
		<key>214A5CB3AD554C76B0F9F6C8</key>
		<dict>
			<key>explicitFileType</key>
			<string>archive.ar</string>
			<key>includeInIndex</key>
			<string>0</string>
			<key>isa</key>
			<string>PBXFileReference</string>
			<key>path</key>
			<string>libPods-BobPageControl.a</string>
			<key>sourceTree</key>
			<string>BUILT_PRODUCTS_DIR</string>
		</dict>
		<key>3CB96BE0AD354C7792E87634</key>
		<dict>
			<key>includeInIndex</key>
			<string>1</string>
			<key>isa</key>
			<string>PBXFileReference</string>
			<key>lastKnownFileType</key>
			<string>text.xcconfig</string>
			<key>name</key>
			<string>Pods-BobPageControl.xcconfig</string>
			<key>path</key>
			<string>Pods/Pods-BobPageControl.xcconfig</string>
			<key>sourceTree</key>
			<string>&lt;group&gt;</string>
		</dict>
		<key>43D533FA674440428F918647</key>
		<dict>
			<key>buildActionMask</key>
			<string>2147483647</string>
			<key>files</key>
			<array/>
			<key>inputPaths</key>
			<array/>
			<key>isa</key>
			<string>PBXShellScriptBuildPhase</string>
			<key>name</key>
			<string>Check Pods Manifest.lock</string>
			<key>outputPaths</key>
			<array/>
			<key>runOnlyForDeploymentPostprocessing</key>
			<string>0</string>
			<key>shellPath</key>
			<string>/bin/sh</string>
			<key>shellScript</key>
			<string>diff "${PODS_ROOT}/../Podfile.lock" "${PODS_ROOT}/Manifest.lock" &gt; /dev/null
if [[ $? != 0 ]] ; then
    cat &lt;&lt; EOM
error: The sandbox is not in sync with the Podfile.lock. Run 'pod install' or update your CocoaPods installation.
EOM
    exit 1
fi
</string>
			<key>showEnvVarsInLog</key>
			<string>0</string>
		</dict>
		<key>778CB46BC3844631A2484B11</key>
		<dict>
			<key>fileRef</key>
			<string>214A5CB3AD554C76B0F9F6C8</string>
			<key>isa</key>
			<string>PBXBuildFile</string>
		</dict>
		<key>B22F668D3B5248FABA708845</key>
		<dict>
			<key>buildActionMask</key>
			<string>2147483647</string>
			<key>files</key>
			<array/>
			<key>inputPaths</key>
			<array/>
			<key>isa</key>
			<string>PBXShellScriptBuildPhase</string>
			<key>name</key>
			<string>Copy Pods Resources</string>
			<key>outputPaths</key>
			<array/>
			<key>runOnlyForDeploymentPostprocessing</key>
			<string>0</string>
			<key>shellPath</key>
			<string>/bin/sh</string>
			<key>shellScript</key>
			<string>"${SRCROOT}/Pods/Pods-BobPageControl-resources.sh"
</string>
			<key>showEnvVarsInLog</key>
			<string>0</string>
		</dict>
		<key>C4CE9D77193D15E8007E8F28</key>
		<dict>
			<key>children</key>
			<array>
				<string>C4CE9D89193D15E8007E8F28</string>
				<string>C4CE9DA2193D15E8007E8F28</string>
				<string>C4CE9D82193D15E8007E8F28</string>
				<string>C4CE9D81193D15E8007E8F28</string>
				<string>3CB96BE0AD354C7792E87634</string>
			</array>
			<key>isa</key>
			<string>PBXGroup</string>
			<key>sourceTree</key>
			<string>&lt;group&gt;</string>
		</dict>
		<key>C4CE9D78193D15E8007E8F28</key>
		<dict>
			<key>attributes</key>
			<dict>
				<key>CLASSPREFIX</key>
				<string>BPC</string>
				<key>LastUpgradeCheck</key>
				<string>0510</string>
				<key>ORGANIZATIONNAME</key>
				<string>Richard Martin</string>
				<key>TargetAttributes</key>
				<dict>
					<key>C4CE9D9A193D15E8007E8F28</key>
					<dict>
						<key>TestTargetID</key>
						<string>C4CE9D7F193D15E8007E8F28</string>
					</dict>
				</dict>
			</dict>
			<key>buildConfigurationList</key>
			<string>C4CE9D7B193D15E8007E8F28</string>
			<key>compatibilityVersion</key>
			<string>Xcode 3.2</string>
			<key>developmentRegion</key>
			<string>English</string>
			<key>hasScannedForEncodings</key>
			<string>0</string>
			<key>isa</key>
			<string>PBXProject</string>
			<key>knownRegions</key>
			<array>
				<string>en</string>
			</array>
			<key>mainGroup</key>
			<string>C4CE9D77193D15E8007E8F28</string>
			<key>productRefGroup</key>
			<string>C4CE9D81193D15E8007E8F28</string>
			<key>projectDirPath</key>
			<string></string>
			<key>projectReferences</key>
			<array/>
			<key>projectRoot</key>
			<string></string>
			<key>targets</key>
			<array>
				<string>C4CE9D7F193D15E8007E8F28</string>
				<string>C4CE9D9A193D15E8007E8F28</string>
			</array>
		</dict>
		<key>C4CE9D7B193D15E8007E8F28</key>
		<dict>
			<key>buildConfigurations</key>
			<array>
				<string>C4CE9DAA193D15E8007E8F28</string>
				<string>C4CE9DAB193D15E8007E8F28</string>
			</array>
			<key>defaultConfigurationIsVisible</key>
			<string>0</string>
			<key>defaultConfigurationName</key>
			<string>Release</string>
			<key>isa</key>
			<string>XCConfigurationList</string>
		</dict>
		<key>C4CE9D7C193D15E8007E8F28</key>
		<dict>
			<key>buildActionMask</key>
			<string>2147483647</string>
			<key>files</key>
			<array>
				<string>C4CE9D94193D15E8007E8F28</string>
				<string>C4CE9D90193D15E8007E8F28</string>
			</array>
			<key>isa</key>
			<string>PBXSourcesBuildPhase</string>
			<key>runOnlyForDeploymentPostprocessing</key>
			<string>0</string>
		</dict>
		<key>C4CE9D7D193D15E8007E8F28</key>
		<dict>
			<key>buildActionMask</key>
			<string>2147483647</string>
			<key>files</key>
			<array>
				<string>C4CE9D86193D15E8007E8F28</string>
				<string>C4CE9D88193D15E8007E8F28</string>
				<string>C4CE9D84193D15E8007E8F28</string>
				<string>778CB46BC3844631A2484B11</string>
			</array>
			<key>isa</key>
			<string>PBXFrameworksBuildPhase</string>
			<key>runOnlyForDeploymentPostprocessing</key>
			<string>0</string>
		</dict>
		<key>C4CE9D7E193D15E8007E8F28</key>
		<dict>
			<key>buildActionMask</key>
			<string>2147483647</string>
			<key>files</key>
			<array>
				<string>C4CE9D8E193D15E8007E8F28</string>
				<string>C4CE9D96193D15E8007E8F28</string>
			</array>
			<key>isa</key>
			<string>PBXResourcesBuildPhase</string>
			<key>runOnlyForDeploymentPostprocessing</key>
			<string>0</string>
		</dict>
		<key>C4CE9D7F193D15E8007E8F28</key>
		<dict>
			<key>buildConfigurationList</key>
			<string>C4CE9DAC193D15E8007E8F28</string>
			<key>buildPhases</key>
			<array>
				<string>43D533FA674440428F918647</string>
				<string>C4CE9D7C193D15E8007E8F28</string>
				<string>C4CE9D7D193D15E8007E8F28</string>
				<string>C4CE9D7E193D15E8007E8F28</string>
				<string>B22F668D3B5248FABA708845</string>
			</array>
			<key>buildRules</key>
			<array/>
			<key>dependencies</key>
			<array/>
			<key>isa</key>
			<string>PBXNativeTarget</string>
			<key>name</key>
			<string>BobPageControl</string>
			<key>productName</key>
			<string>BobPageControl</string>
			<key>productReference</key>
			<string>C4CE9D80193D15E8007E8F28</string>
			<key>productType</key>
			<string>com.apple.product-type.application</string>
		</dict>
		<key>C4CE9D80193D15E8007E8F28</key>
		<dict>
			<key>explicitFileType</key>
			<string>wrapper.application</string>
			<key>includeInIndex</key>
			<string>0</string>
			<key>isa</key>
			<string>PBXFileReference</string>
			<key>path</key>
			<string>BobPageControl.app</string>
			<key>sourceTree</key>
			<string>BUILT_PRODUCTS_DIR</string>
		</dict>
		<key>C4CE9D81193D15E8007E8F28</key>
		<dict>
			<key>children</key>
			<array>
				<string>C4CE9D80193D15E8007E8F28</string>
				<string>C4CE9D9B193D15E8007E8F28</string>
			</array>
			<key>isa</key>
			<string>PBXGroup</string>
			<key>name</key>
			<string>Products</string>
			<key>sourceTree</key>
			<string>&lt;group&gt;</string>
		</dict>
		<key>C4CE9D82193D15E8007E8F28</key>
		<dict>
			<key>children</key>
			<array>
				<string>C4CE9D83193D15E8007E8F28</string>
				<string>C4CE9D85193D15E8007E8F28</string>
				<string>C4CE9D87193D15E8007E8F28</string>
				<string>C4CE9D9C193D15E8007E8F28</string>
				<string>214A5CB3AD554C76B0F9F6C8</string>
			</array>
			<key>isa</key>
			<string>PBXGroup</string>
			<key>name</key>
			<string>Frameworks</string>
			<key>sourceTree</key>
			<string>&lt;group&gt;</string>
		</dict>
		<key>C4CE9D83193D15E8007E8F28</key>
		<dict>
			<key>isa</key>
			<string>PBXFileReference</string>
			<key>lastKnownFileType</key>
			<string>wrapper.framework</string>
			<key>name</key>
			<string>Foundation.framework</string>
			<key>path</key>
			<string>System/Library/Frameworks/Foundation.framework</string>
			<key>sourceTree</key>
			<string>SDKROOT</string>
		</dict>
		<key>C4CE9D84193D15E8007E8F28</key>
		<dict>
			<key>fileRef</key>
			<string>C4CE9D83193D15E8007E8F28</string>
			<key>isa</key>
			<string>PBXBuildFile</string>
		</dict>
		<key>C4CE9D85193D15E8007E8F28</key>
		<dict>
			<key>isa</key>
			<string>PBXFileReference</string>
			<key>lastKnownFileType</key>
			<string>wrapper.framework</string>
			<key>name</key>
			<string>CoreGraphics.framework</string>
			<key>path</key>
			<string>System/Library/Frameworks/CoreGraphics.framework</string>
			<key>sourceTree</key>
			<string>SDKROOT</string>
		</dict>
		<key>C4CE9D86193D15E8007E8F28</key>
		<dict>
			<key>fileRef</key>
			<string>C4CE9D85193D15E8007E8F28</string>
			<key>isa</key>
			<string>PBXBuildFile</string>
		</dict>
		<key>C4CE9D87193D15E8007E8F28</key>
		<dict>
			<key>isa</key>
			<string>PBXFileReference</string>
			<key>lastKnownFileType</key>
			<string>wrapper.framework</string>
			<key>name</key>
			<string>UIKit.framework</string>
			<key>path</key>
			<string>System/Library/Frameworks/UIKit.framework</string>
			<key>sourceTree</key>
			<string>SDKROOT</string>
		</dict>
		<key>C4CE9D88193D15E8007E8F28</key>
		<dict>
			<key>fileRef</key>
			<string>C4CE9D87193D15E8007E8F28</string>
			<key>isa</key>
			<string>PBXBuildFile</string>
		</dict>
		<key>C4CE9D89193D15E8007E8F28</key>
		<dict>
			<key>children</key>
			<array>
				<string>C4CE9D92193D15E8007E8F28</string>
				<string>C4CE9D93193D15E8007E8F28</string>
				<string>C4CE9D95193D15E8007E8F28</string>
				<string>C4CE9D8A193D15E8007E8F28</string>
			</array>
			<key>isa</key>
			<string>PBXGroup</string>
			<key>path</key>
			<string>BobPageControl</string>
			<key>sourceTree</key>
			<string>&lt;group&gt;</string>
		</dict>
		<key>C4CE9D8A193D15E8007E8F28</key>
		<dict>
			<key>children</key>
			<array>
				<string>C4CE9D8B193D15E8007E8F28</string>
				<string>C4CE9D8C193D15E8007E8F28</string>
				<string>C4CE9D8F193D15E8007E8F28</string>
				<string>C4CE9D91193D15E8007E8F28</string>
			</array>
			<key>isa</key>
			<string>PBXGroup</string>
			<key>name</key>
			<string>Supporting Files</string>
			<key>sourceTree</key>
			<string>&lt;group&gt;</string>
		</dict>
		<key>C4CE9D8B193D15E8007E8F28</key>
		<dict>
			<key>isa</key>
			<string>PBXFileReference</string>
			<key>lastKnownFileType</key>
			<string>text.plist.xml</string>
			<key>path</key>
			<string>BobPageControl-Info.plist</string>
			<key>sourceTree</key>
			<string>&lt;group&gt;</string>
		</dict>
		<key>C4CE9D8C193D15E8007E8F28</key>
		<dict>
			<key>children</key>
			<array>
				<string>C4CE9D8D193D15E8007E8F28</string>
			</array>
			<key>isa</key>
			<string>PBXVariantGroup</string>
			<key>name</key>
			<string>InfoPlist.strings</string>
			<key>sourceTree</key>
			<string>&lt;group&gt;</string>
		</dict>
		<key>C4CE9D8D193D15E8007E8F28</key>
		<dict>
			<key>isa</key>
			<string>PBXFileReference</string>
			<key>lastKnownFileType</key>
			<string>text.plist.strings</string>
			<key>name</key>
			<string>en</string>
			<key>path</key>
			<string>en.lproj/InfoPlist.strings</string>
			<key>sourceTree</key>
			<string>&lt;group&gt;</string>
		</dict>
		<key>C4CE9D8E193D15E8007E8F28</key>
		<dict>
			<key>fileRef</key>
			<string>C4CE9D8C193D15E8007E8F28</string>
			<key>isa</key>
			<string>PBXBuildFile</string>
		</dict>
		<key>C4CE9D8F193D15E8007E8F28</key>
		<dict>
			<key>isa</key>
			<string>PBXFileReference</string>
			<key>lastKnownFileType</key>
			<string>sourcecode.c.objc</string>
			<key>path</key>
			<string>main.m</string>
			<key>sourceTree</key>
			<string>&lt;group&gt;</string>
		</dict>
		<key>C4CE9D90193D15E8007E8F28</key>
		<dict>
			<key>fileRef</key>
			<string>C4CE9D8F193D15E8007E8F28</string>
			<key>isa</key>
			<string>PBXBuildFile</string>
		</dict>
		<key>C4CE9D91193D15E8007E8F28</key>
		<dict>
			<key>isa</key>
			<string>PBXFileReference</string>
			<key>lastKnownFileType</key>
			<string>sourcecode.c.h</string>
			<key>path</key>
			<string>BobPageControl-Prefix.pch</string>
			<key>sourceTree</key>
			<string>&lt;group&gt;</string>
		</dict>
		<key>C4CE9D92193D15E8007E8F28</key>
		<dict>
			<key>isa</key>
			<string>PBXFileReference</string>
			<key>lastKnownFileType</key>
			<string>sourcecode.c.h</string>
			<key>path</key>
			<string>BPCAppDelegate.h</string>
			<key>sourceTree</key>
			<string>&lt;group&gt;</string>
		</dict>
		<key>C4CE9D93193D15E8007E8F28</key>
		<dict>
			<key>isa</key>
			<string>PBXFileReference</string>
			<key>lastKnownFileType</key>
			<string>sourcecode.c.objc</string>
			<key>path</key>
			<string>BPCAppDelegate.m</string>
			<key>sourceTree</key>
			<string>&lt;group&gt;</string>
		</dict>
		<key>C4CE9D94193D15E8007E8F28</key>
		<dict>
			<key>fileRef</key>
			<string>C4CE9D93193D15E8007E8F28</string>
			<key>isa</key>
			<string>PBXBuildFile</string>
		</dict>
		<key>C4CE9D95193D15E8007E8F28</key>
		<dict>
			<key>isa</key>
			<string>PBXFileReference</string>
			<key>lastKnownFileType</key>
			<string>folder.assetcatalog</string>
			<key>path</key>
			<string>Images.xcassets</string>
			<key>sourceTree</key>
			<string>&lt;group&gt;</string>
		</dict>
		<key>C4CE9D96193D15E8007E8F28</key>
		<dict>
			<key>fileRef</key>
			<string>C4CE9D95193D15E8007E8F28</string>
			<key>isa</key>
			<string>PBXBuildFile</string>
		</dict>
		<key>C4CE9D97193D15E8007E8F28</key>
		<dict>
			<key>buildActionMask</key>
			<string>2147483647</string>
			<key>files</key>
			<array>
				<string>C4CE9DA9193D15E8007E8F28</string>
			</array>
			<key>isa</key>
			<string>PBXSourcesBuildPhase</string>
			<key>runOnlyForDeploymentPostprocessing</key>
			<string>0</string>
		</dict>
		<key>C4CE9D98193D15E8007E8F28</key>
		<dict>
			<key>buildActionMask</key>
			<string>2147483647</string>
			<key>files</key>
			<array>
				<string>C4CE9D9D193D15E8007E8F28</string>
				<string>C4CE9D9F193D15E8007E8F28</string>
				<string>C4CE9D9E193D15E8007E8F28</string>
			</array>
			<key>isa</key>
			<string>PBXFrameworksBuildPhase</string>
			<key>runOnlyForDeploymentPostprocessing</key>
			<string>0</string>
		</dict>
		<key>C4CE9D99193D15E8007E8F28</key>
		<dict>
			<key>buildActionMask</key>
			<string>2147483647</string>
			<key>files</key>
			<array>
				<string>C4CE9DA7193D15E8007E8F28</string>
			</array>
			<key>isa</key>
			<string>PBXResourcesBuildPhase</string>
			<key>runOnlyForDeploymentPostprocessing</key>
			<string>0</string>
		</dict>
		<key>C4CE9D9A193D15E8007E8F28</key>
		<dict>
			<key>buildConfigurationList</key>
			<string>C4CE9DAF193D15E8007E8F28</string>
			<key>buildPhases</key>
			<array>
				<string>C4CE9D97193D15E8007E8F28</string>
				<string>C4CE9D98193D15E8007E8F28</string>
				<string>C4CE9D99193D15E8007E8F28</string>
			</array>
			<key>buildRules</key>
			<array/>
			<key>dependencies</key>
			<array>
				<string>C4CE9DA1193D15E8007E8F28</string>
			</array>
			<key>isa</key>
			<string>PBXNativeTarget</string>
			<key>name</key>
			<string>BobPageControlTests</string>
			<key>productName</key>
			<string>BobPageControlTests</string>
			<key>productReference</key>
			<string>C4CE9D9B193D15E8007E8F28</string>
			<key>productType</key>
			<string>com.apple.product-type.bundle.unit-test</string>
		</dict>
		<key>C4CE9D9B193D15E8007E8F28</key>
		<dict>
			<key>explicitFileType</key>
			<string>wrapper.cfbundle</string>
			<key>includeInIndex</key>
			<string>0</string>
			<key>isa</key>
			<string>PBXFileReference</string>
			<key>path</key>
			<string>BobPageControlTests.xctest</string>
			<key>sourceTree</key>
			<string>BUILT_PRODUCTS_DIR</string>
		</dict>
		<key>C4CE9D9C193D15E8007E8F28</key>
		<dict>
			<key>isa</key>
			<string>PBXFileReference</string>
			<key>lastKnownFileType</key>
			<string>wrapper.framework</string>
			<key>name</key>
			<string>XCTest.framework</string>
			<key>path</key>
			<string>Library/Frameworks/XCTest.framework</string>
			<key>sourceTree</key>
			<string>DEVELOPER_DIR</string>
		</dict>
		<key>C4CE9D9D193D15E8007E8F28</key>
		<dict>
			<key>fileRef</key>
			<string>C4CE9D9C193D15E8007E8F28</string>
			<key>isa</key>
			<string>PBXBuildFile</string>
		</dict>
		<key>C4CE9D9E193D15E8007E8F28</key>
		<dict>
			<key>fileRef</key>
			<string>C4CE9D83193D15E8007E8F28</string>
			<key>isa</key>
			<string>PBXBuildFile</string>
		</dict>
		<key>C4CE9D9F193D15E8007E8F28</key>
		<dict>
			<key>fileRef</key>
			<string>C4CE9D87193D15E8007E8F28</string>
			<key>isa</key>
			<string>PBXBuildFile</string>
		</dict>
		<key>C4CE9DA0193D15E8007E8F28</key>
		<dict>
			<key>containerPortal</key>
			<string>C4CE9D78193D15E8007E8F28</string>
			<key>isa</key>
			<string>PBXContainerItemProxy</string>
			<key>proxyType</key>
			<string>1</string>
			<key>remoteGlobalIDString</key>
			<string>C4CE9D7F193D15E8007E8F28</string>
			<key>remoteInfo</key>
			<string>BobPageControl</string>
		</dict>
		<key>C4CE9DA1193D15E8007E8F28</key>
		<dict>
			<key>isa</key>
			<string>PBXTargetDependency</string>
			<key>target</key>
			<string>C4CE9D7F193D15E8007E8F28</string>
			<key>targetProxy</key>
			<string>C4CE9DA0193D15E8007E8F28</string>
		</dict>
		<key>C4CE9DA2193D15E8007E8F28</key>
		<dict>
			<key>children</key>
			<array>
				<string>C4CE9DA8193D15E8007E8F28</string>
				<string>C4CE9DA3193D15E8007E8F28</string>
			</array>
			<key>isa</key>
			<string>PBXGroup</string>
			<key>path</key>
			<string>BobPageControlTests</string>
			<key>sourceTree</key>
			<string>&lt;group&gt;</string>
		</dict>
		<key>C4CE9DA3193D15E8007E8F28</key>
		<dict>
			<key>children</key>
			<array>
				<string>C4CE9DA4193D15E8007E8F28</string>
				<string>C4CE9DA5193D15E8007E8F28</string>
			</array>
			<key>isa</key>
			<string>PBXGroup</string>
			<key>name</key>
			<string>Supporting Files</string>
			<key>sourceTree</key>
			<string>&lt;group&gt;</string>
		</dict>
		<key>C4CE9DA4193D15E8007E8F28</key>
		<dict>
			<key>isa</key>
			<string>PBXFileReference</string>
			<key>lastKnownFileType</key>
			<string>text.plist.xml</string>
			<key>path</key>
			<string>BobPageControlTests-Info.plist</string>
			<key>sourceTree</key>
			<string>&lt;group&gt;</string>
		</dict>
		<key>C4CE9DA5193D15E8007E8F28</key>
		<dict>
			<key>children</key>
			<array>
				<string>C4CE9DA6193D15E8007E8F28</string>
			</array>
			<key>isa</key>
			<string>PBXVariantGroup</string>
			<key>name</key>
			<string>InfoPlist.strings</string>
			<key>sourceTree</key>
			<string>&lt;group&gt;</string>
		</dict>
		<key>C4CE9DA6193D15E8007E8F28</key>
		<dict>
			<key>isa</key>
			<string>PBXFileReference</string>
			<key>lastKnownFileType</key>
			<string>text.plist.strings</string>
			<key>name</key>
			<string>en</string>
			<key>path</key>
			<string>en.lproj/InfoPlist.strings</string>
			<key>sourceTree</key>
			<string>&lt;group&gt;</string>
		</dict>
		<key>C4CE9DA7193D15E8007E8F28</key>
		<dict>
			<key>fileRef</key>
			<string>C4CE9DA5193D15E8007E8F28</string>
			<key>isa</key>
			<string>PBXBuildFile</string>
		</dict>
		<key>C4CE9DA8193D15E8007E8F28</key>
		<dict>
			<key>isa</key>
			<string>PBXFileReference</string>
			<key>lastKnownFileType</key>
			<string>sourcecode.c.objc</string>
			<key>path</key>
			<string>BobPageControlTests.m</string>
			<key>sourceTree</key>
			<string>&lt;group&gt;</string>
		</dict>
		<key>C4CE9DA9193D15E8007E8F28</key>
		<dict>
			<key>fileRef</key>
			<string>C4CE9DA8193D15E8007E8F28</string>
			<key>isa</key>
			<string>PBXBuildFile</string>
		</dict>
		<key>C4CE9DAA193D15E8007E8F28</key>
		<dict>
			<key>buildSettings</key>
			<dict>
				<key>ALWAYS_SEARCH_USER_PATHS</key>
				<string>NO</string>
				<key>CLANG_CXX_LANGUAGE_STANDARD</key>
				<string>gnu++0x</string>
				<key>CLANG_CXX_LIBRARY</key>
				<string>libc++</string>
				<key>CLANG_ENABLE_MODULES</key>
				<string>YES</string>
				<key>CLANG_ENABLE_OBJC_ARC</key>
				<string>YES</string>
				<key>CLANG_WARN_BOOL_CONVERSION</key>
				<string>YES</string>
				<key>CLANG_WARN_CONSTANT_CONVERSION</key>
				<string>YES</string>
				<key>CLANG_WARN_DIRECT_OBJC_ISA_USAGE</key>
				<string>YES_ERROR</string>
				<key>CLANG_WARN_EMPTY_BODY</key>
				<string>YES</string>
				<key>CLANG_WARN_ENUM_CONVERSION</key>
				<string>YES</string>
				<key>CLANG_WARN_INT_CONVERSION</key>
				<string>YES</string>
				<key>CLANG_WARN_OBJC_ROOT_CLASS</key>
				<string>YES_ERROR</string>
				<key>CLANG_WARN__DUPLICATE_METHOD_MATCH</key>
				<string>YES</string>
				<key>CODE_SIGN_IDENTITY[sdk=iphoneos*]</key>
				<string>iPhone Developer</string>
				<key>COPY_PHASE_STRIP</key>
				<string>NO</string>
				<key>GCC_C_LANGUAGE_STANDARD</key>
				<string>gnu99</string>
				<key>GCC_DYNAMIC_NO_PIC</key>
				<string>NO</string>
				<key>GCC_OPTIMIZATION_LEVEL</key>
				<string>0</string>
				<key>GCC_PREPROCESSOR_DEFINITIONS</key>
				<array>
					<string>DEBUG=1</string>
					<string>$(inherited)</string>
				</array>
				<key>GCC_SYMBOLS_PRIVATE_EXTERN</key>
				<string>NO</string>
				<key>GCC_WARN_64_TO_32_BIT_CONVERSION</key>
				<string>YES</string>
				<key>GCC_WARN_ABOUT_RETURN_TYPE</key>
				<string>YES_ERROR</string>
				<key>GCC_WARN_UNDECLARED_SELECTOR</key>
				<string>YES</string>
				<key>GCC_WARN_UNINITIALIZED_AUTOS</key>
				<string>YES_AGGRESSIVE</string>
				<key>GCC_WARN_UNUSED_FUNCTION</key>
				<string>YES</string>
				<key>GCC_WARN_UNUSED_VARIABLE</key>
				<string>YES</string>
				<key>IPHONEOS_DEPLOYMENT_TARGET</key>
				<string>7.1</string>
				<key>ONLY_ACTIVE_ARCH</key>
				<string>YES</string>
				<key>SDKROOT</key>
				<string>iphoneos</string>
			</dict>
			<key>isa</key>
			<string>XCBuildConfiguration</string>
			<key>name</key>
			<string>Debug</string>
		</dict>
		<key>C4CE9DAB193D15E8007E8F28</key>
		<dict>
			<key>buildSettings</key>
			<dict>
				<key>ALWAYS_SEARCH_USER_PATHS</key>
				<string>NO</string>
				<key>CLANG_CXX_LANGUAGE_STANDARD</key>
				<string>gnu++0x</string>
				<key>CLANG_CXX_LIBRARY</key>
				<string>libc++</string>
				<key>CLANG_ENABLE_MODULES</key>
				<string>YES</string>
				<key>CLANG_ENABLE_OBJC_ARC</key>
				<string>YES</string>
				<key>CLANG_WARN_BOOL_CONVERSION</key>
				<string>YES</string>
				<key>CLANG_WARN_CONSTANT_CONVERSION</key>
				<string>YES</string>
				<key>CLANG_WARN_DIRECT_OBJC_ISA_USAGE</key>
				<string>YES_ERROR</string>
				<key>CLANG_WARN_EMPTY_BODY</key>
				<string>YES</string>
				<key>CLANG_WARN_ENUM_CONVERSION</key>
				<string>YES</string>
				<key>CLANG_WARN_INT_CONVERSION</key>
				<string>YES</string>
				<key>CLANG_WARN_OBJC_ROOT_CLASS</key>
				<string>YES_ERROR</string>
				<key>CLANG_WARN__DUPLICATE_METHOD_MATCH</key>
				<string>YES</string>
				<key>CODE_SIGN_IDENTITY[sdk=iphoneos*]</key>
				<string>iPhone Developer</string>
				<key>COPY_PHASE_STRIP</key>
				<string>YES</string>
				<key>ENABLE_NS_ASSERTIONS</key>
				<string>NO</string>
				<key>GCC_C_LANGUAGE_STANDARD</key>
				<string>gnu99</string>
				<key>GCC_WARN_64_TO_32_BIT_CONVERSION</key>
				<string>YES</string>
				<key>GCC_WARN_ABOUT_RETURN_TYPE</key>
				<string>YES_ERROR</string>
				<key>GCC_WARN_UNDECLARED_SELECTOR</key>
				<string>YES</string>
				<key>GCC_WARN_UNINITIALIZED_AUTOS</key>
				<string>YES_AGGRESSIVE</string>
				<key>GCC_WARN_UNUSED_FUNCTION</key>
				<string>YES</string>
				<key>GCC_WARN_UNUSED_VARIABLE</key>
				<string>YES</string>
				<key>IPHONEOS_DEPLOYMENT_TARGET</key>
				<string>7.1</string>
				<key>SDKROOT</key>
				<string>iphoneos</string>
				<key>VALIDATE_PRODUCT</key>
				<string>YES</string>
			</dict>
			<key>isa</key>
			<string>XCBuildConfiguration</string>
			<key>name</key>
			<string>Release</string>
		</dict>
		<key>C4CE9DAC193D15E8007E8F28</key>
		<dict>
			<key>buildConfigurations</key>
			<array>
				<string>C4CE9DAD193D15E8007E8F28</string>
				<string>C4CE9DAE193D15E8007E8F28</string>
			</array>
			<key>defaultConfigurationIsVisible</key>
			<string>0</string>
			<key>isa</key>
			<string>XCConfigurationList</string>
		</dict>
		<key>C4CE9DAD193D15E8007E8F28</key>
		<dict>
			<key>baseConfigurationReference</key>
			<string>3CB96BE0AD354C7792E87634</string>
			<key>buildSettings</key>
			<dict>
				<key>ASSETCATALOG_COMPILER_APPICON_NAME</key>
				<string>AppIcon</string>
				<key>ASSETCATALOG_COMPILER_LAUNCHIMAGE_NAME</key>
				<string>LaunchImage</string>
				<key>GCC_PRECOMPILE_PREFIX_HEADER</key>
				<string>YES</string>
				<key>GCC_PREFIX_HEADER</key>
				<string>BobPageControl/BobPageControl-Prefix.pch</string>
				<key>INFOPLIST_FILE</key>
				<string>BobPageControl/BobPageControl-Info.plist</string>
				<key>PRODUCT_NAME</key>
				<string>$(TARGET_NAME)</string>
				<key>WRAPPER_EXTENSION</key>
				<string>app</string>
			</dict>
			<key>isa</key>
			<string>XCBuildConfiguration</string>
			<key>name</key>
			<string>Debug</string>
		</dict>
		<key>C4CE9DAE193D15E8007E8F28</key>
		<dict>
			<key>baseConfigurationReference</key>
			<string>3CB96BE0AD354C7792E87634</string>
			<key>buildSettings</key>
			<dict>
				<key>ASSETCATALOG_COMPILER_APPICON_NAME</key>
				<string>AppIcon</string>
				<key>ASSETCATALOG_COMPILER_LAUNCHIMAGE_NAME</key>
				<string>LaunchImage</string>
				<key>GCC_PRECOMPILE_PREFIX_HEADER</key>
				<string>YES</string>
				<key>GCC_PREFIX_HEADER</key>
				<string>BobPageControl/BobPageControl-Prefix.pch</string>
				<key>INFOPLIST_FILE</key>
				<string>BobPageControl/BobPageControl-Info.plist</string>
				<key>PRODUCT_NAME</key>
				<string>$(TARGET_NAME)</string>
				<key>WRAPPER_EXTENSION</key>
				<string>app</string>
			</dict>
			<key>isa</key>
			<string>XCBuildConfiguration</string>
			<key>name</key>
			<string>Release</string>
		</dict>
		<key>C4CE9DAF193D15E8007E8F28</key>
		<dict>
			<key>buildConfigurations</key>
			<array>
				<string>C4CE9DB0193D15E8007E8F28</string>
				<string>C4CE9DB1193D15E8007E8F28</string>
			</array>
			<key>defaultConfigurationIsVisible</key>
			<string>0</string>
			<key>isa</key>
			<string>XCConfigurationList</string>
		</dict>
		<key>C4CE9DB0193D15E8007E8F28</key>
		<dict>
			<key>buildSettings</key>
			<dict>
				<key>BUNDLE_LOADER</key>
				<string>$(BUILT_PRODUCTS_DIR)/BobPageControl.app/BobPageControl</string>
				<key>FRAMEWORK_SEARCH_PATHS</key>
				<array>
					<string>$(SDKROOT)/Developer/Library/Frameworks</string>
					<string>$(inherited)</string>
					<string>$(DEVELOPER_FRAMEWORKS_DIR)</string>
				</array>
				<key>GCC_PRECOMPILE_PREFIX_HEADER</key>
				<string>YES</string>
				<key>GCC_PREFIX_HEADER</key>
				<string>BobPageControl/BobPageControl-Prefix.pch</string>
				<key>GCC_PREPROCESSOR_DEFINITIONS</key>
				<array>
					<string>DEBUG=1</string>
					<string>$(inherited)</string>
				</array>
				<key>INFOPLIST_FILE</key>
				<string>BobPageControlTests/BobPageControlTests-Info.plist</string>
				<key>PRODUCT_NAME</key>
				<string>$(TARGET_NAME)</string>
				<key>TEST_HOST</key>
				<string>$(BUNDLE_LOADER)</string>
				<key>WRAPPER_EXTENSION</key>
				<string>xctest</string>
			</dict>
			<key>isa</key>
			<string>XCBuildConfiguration</string>
			<key>name</key>
			<string>Debug</string>
		</dict>
		<key>C4CE9DB1193D15E8007E8F28</key>
		<dict>
			<key>buildSettings</key>
			<dict>
				<key>BUNDLE_LOADER</key>
				<string>$(BUILT_PRODUCTS_DIR)/BobPageControl.app/BobPageControl</string>
				<key>FRAMEWORK_SEARCH_PATHS</key>
				<array>
					<string>$(SDKROOT)/Developer/Library/Frameworks</string>
					<string>$(inherited)</string>
					<string>$(DEVELOPER_FRAMEWORKS_DIR)</string>
				</array>
				<key>GCC_PRECOMPILE_PREFIX_HEADER</key>
				<string>YES</string>
				<key>GCC_PREFIX_HEADER</key>
				<string>BobPageControl/BobPageControl-Prefix.pch</string>
				<key>INFOPLIST_FILE</key>
				<string>BobPageControlTests/BobPageControlTests-Info.plist</string>
				<key>PRODUCT_NAME</key>
				<string>$(TARGET_NAME)</string>
				<key>TEST_HOST</key>
				<string>$(BUNDLE_LOADER)</string>
				<key>WRAPPER_EXTENSION</key>
				<string>xctest</string>
			</dict>
			<key>isa</key>
			<string>XCBuildConfiguration</string>
			<key>name</key>
			<string>Release</string>
		</dict>
	</dict>
	<key>rootObject</key>
	<string>C4CE9D78193D15E8007E8F28</string>
</dict>
</plist>
